# This file is automatically @generated by Poetry 2.0.0 and should not be changed by hand.

[[package]]
name = "asn1tools"
version = "0.167.0"
description = "ASN.1 parsing, encoding and decoding."
optional = false
python-versions = "*"
groups = ["main"]
files = [
    {file = "asn1tools-0.167.0.tar.gz", hash = "sha256:cad53f6f6d788a6eec5e37543401cd8c39f138cc8016b64629ec29fb4735f5b2"},
]

[package.dependencies]
bitstruct = "*"
pyparsing = ">=3.1.2"

[package.extras]
cache = ["diskcache"]
shell = ["prompt_toolkit"]

[[package]]
name = "bitstruct"
version = "8.19.0"
description = "This module performs conversions between Python values and C bit field structs represented as Python byte strings."
optional = false
python-versions = ">=3.7"
groups = ["main"]
files = [
    {file = "bitstruct-8.19.0-cp310-cp310-macosx_10_9_x86_64.whl", hash = "sha256:7d1f3eb18ddc33ba73f5cbb55c885584bcec51c421ac3551b79edc0ffeaecc3d"},
    {file = "bitstruct-8.19.0-cp310-cp310-manylinux_2_17_x86_64.manylinux2014_x86_64.whl", hash = "sha256:a35e0b267d12438e6a7b28850a15d4cffe767db6fc443a406d0ead97fa1d7d5b"},
    {file = "bitstruct-8.19.0-cp310-cp310-manylinux_2_5_i686.manylinux1_i686.manylinux_2_17_i686.manylinux2014_i686.whl", hash = "sha256:5732aff5c8eb3a572f7b20d09fc4c213215f9e60c0e66f2910b31eb65b457744"},
    {file = "bitstruct-8.19.0-cp310-cp310-musllinux_1_1_i686.whl", hash = "sha256:bc8f1871b42b705eb34b8722c3ec358fbf1b97fd37a62693564ee72648afb100"},
    {file = "bitstruct-8.19.0-cp310-cp310-musllinux_1_1_x86_64.whl", hash = "sha256:01bdfc3adbe15b05ba27ab6dce7959caa29a000f066201944b29c64bb8888f03"},
    {file = "bitstruct-8.19.0-cp310-cp310-win32.whl", hash = "sha256:961845a29333119b70dd9aab54bc714bf9ba5efefc55cb4c747c35c1390b8842"},
    {file = "bitstruct-8.19.0-cp310-cp310-win_amd64.whl", hash = "sha256:9fbe12d464db909f58d5e2a2485b3047a488fa1373e8f74b22d6759ee6b2437a"},
    {file = "bitstruct-8.19.0-cp311-cp311-macosx_10_9_x86_64.whl", hash = "sha256:1300cd635814e40b1f4105aa4f404cb5d1b8cc54e06e267ba1616725f9c2beea"},
    {file = "bitstruct-8.19.0-cp311-cp311-manylinux_2_17_x86_64.manylinux2014_x86_64.whl", hash = "sha256:0e2fb23b5973ce1e9f349c4dc90873eeff9800fe917ffd345f39b9b964f6d119"},
    {file = "bitstruct-8.19.0-cp311-cp311-manylinux_2_5_i686.manylinux1_i686.manylinux_2_17_i686.manylinux2014_i686.whl", hash = "sha256:59e0c18d557474d8452c4f8b59320fd4d9efcf52eae2144bdf317d25c64dcf85"},
    {file = "bitstruct-8.19.0-cp311-cp311-musllinux_1_1_i686.whl", hash = "sha256:bba06607f956cc39ceee19fd11b542e8e66a43180d48fa36c4609443893c273e"},
    {file = "bitstruct-8.19.0-cp311-cp311-musllinux_1_1_x86_64.whl", hash = "sha256:f2fa607d111077145e6374d49be6098f33e7cee0967b42cfc117df53eee13332"},
    {file = "bitstruct-8.19.0-cp311-cp311-win32.whl", hash = "sha256:abdb7bdb5b04c2f1bbda0eae828c627252243ddc042aea6b72af8fcc63696598"},
    {file = "bitstruct-8.19.0-cp311-cp311-win_amd64.whl", hash = "sha256:464f102999402a2624ee3106dbfa1f3745810036814a33e6bc706b7d312c480f"},
    {file = "bitstruct-8.19.0-cp312-cp312-macosx_10_9_x86_64.whl", hash = "sha256:55768b1f5e33594178f0b3e1596b89d831b006713a60caa09de61fd385bf22b1"},
    {file = "bitstruct-8.19.0-cp312-cp312-manylinux_2_17_x86_64.manylinux2014_x86_64.whl", hash = "sha256:c026a7cf8d954ef53cf4d0ae5ee3dd1ac66e24e9a474c5afe55467ab7d609f2e"},
    {file = "bitstruct-8.19.0-cp312-cp312-manylinux_2_5_i686.manylinux1_i686.manylinux_2_17_i686.manylinux2014_i686.whl", hash = "sha256:7488fd4e2fde3d8111971e2040cd5b008be918381afc80387d3fdf047c801293"},
    {file = "bitstruct-8.19.0-cp312-cp312-musllinux_1_1_i686.whl", hash = "sha256:45b66e20633f1e083e37fa396c81761e0fc688ffa06ff5559e990e37234f9e18"},
    {file = "bitstruct-8.19.0-cp312-cp312-musllinux_1_1_x86_64.whl", hash = "sha256:9c1542d5ae888ebc31614775938bfd13454f0d897dc2515363a4607efadc990b"},
    {file = "bitstruct-8.19.0-cp312-cp312-win32.whl", hash = "sha256:7ea57e4e793b595cd3e037920852f2c676b4f5f1734c41985db3f48783928e2c"},
    {file = "bitstruct-8.19.0-cp312-cp312-win_amd64.whl", hash = "sha256:1c4d9b75248adee84e7e6c95bf95966f152b78363cb20a81920da2aeadc4375f"},
    {file = "bitstruct-8.19.0-cp37-cp37m-macosx_10_9_x86_64.whl", hash = "sha256:7b4745b099d3d85307495e25ff0f265deeea675621dcecb25ba059ee68ce88d5"},
    {file = "bitstruct-8.19.0-cp37-cp37m-manylinux_2_17_x86_64.manylinux2014_x86_64.whl", hash = "sha256:645da560acd20dd73a1ef220e3ddc08e108866e30a708ef2f6193e0a3725113e"},
    {file = "bitstruct-8.19.0-cp37-cp37m-manylinux_2_5_i686.manylinux1_i686.manylinux_2_17_i686.manylinux2014_i686.whl", hash = "sha256:01402fbc3dba2286b3ac9b74d5936dd984736f928aacd371458a4b0cf95f0755"},
    {file = "bitstruct-8.19.0-cp37-cp37m-musllinux_1_1_i686.whl", hash = "sha256:2c5eda42d55db67072c6cf7cc79b1df1074269004bad119b79e4ad38cfa61877"},
    {file = "bitstruct-8.19.0-cp37-cp37m-musllinux_1_1_x86_64.whl", hash = "sha256:2ea093522b12ce714a3a95851a8c3dd97f620126bbe983eb261b3bf18ac945e7"},
    {file = "bitstruct-8.19.0-cp37-cp37m-win32.whl", hash = "sha256:da00da004830800323554e7a83f1f32a1f49345f5379476de4b5f6ae227ee962"},
    {file = "bitstruct-8.19.0-cp37-cp37m-win_amd64.whl", hash = "sha256:a0ca55fba25d6c631e17933f20cf87f553d7bceec7659e3de9ef48dc85ced2bf"},
    {file = "bitstruct-8.19.0-cp38-cp38-macosx_10_9_x86_64.whl", hash = "sha256:d3f6e3aeb598215062c505a06135fbdfa3bb4eeb249b55f87e865a86b3fd9e99"},
    {file = "bitstruct-8.19.0-cp38-cp38-manylinux_2_17_x86_64.manylinux2014_x86_64.whl", hash = "sha256:df74c72feba80014b05ab6f1e1a0bb90be9f9e7eb60a9bab1e00728f7f46d79d"},
    {file = "bitstruct-8.19.0-cp38-cp38-manylinux_2_5_i686.manylinux1_i686.manylinux_2_17_i686.manylinux2014_i686.whl", hash = "sha256:976c39ad771c6773d6fbd14d71e62242d5b3bca7b72428fd183e1f1085d5e858"},
    {file = "bitstruct-8.19.0-cp38-cp38-musllinux_1_1_i686.whl", hash = "sha256:d2c176ff6727206805760f45c2151468aed843256aa239c14f4730b9e1d84fc7"},
    {file = "bitstruct-8.19.0-cp38-cp38-musllinux_1_1_x86_64.whl", hash = "sha256:d7774e2a51e254ef1ba98a1ee38573c819d4ee7e396d5121c5ecae17df927501"},
    {file = "bitstruct-8.19.0-cp38-cp38-win32.whl", hash = "sha256:b86d192d658eaf35f10efb2e1940ec755cc28e081f46de294a2e91a74ea298aa"},
    {file = "bitstruct-8.19.0-cp38-cp38-win_amd64.whl", hash = "sha256:5e7f78aedec2881017026eb7f7ab79514aef09a24afd8acf5fa8c73b1cd0e9f4"},
    {file = "bitstruct-8.19.0-cp39-cp39-macosx_10_9_x86_64.whl", hash = "sha256:2bb49acc2ccc6efd3c9613cae8f7e1316c92f832bff860a6fcb78a4275974e90"},
    {file = "bitstruct-8.19.0-cp39-cp39-manylinux_2_17_x86_64.manylinux2014_x86_64.whl", hash = "sha256:7bed7b2761c18a515298145a4f67b6c71ce302453fe7d87ec6b7d2e77fd3c22b"},
    {file = "bitstruct-8.19.0-cp39-cp39-manylinux_2_5_i686.manylinux1_i686.manylinux_2_17_i686.manylinux2014_i686.whl", hash = "sha256:8d0cafd2e2974c4bbe349fb67951d43d221ea304218c2ee65f9fe4c62acabc2f"},
    {file = "bitstruct-8.19.0-cp39-cp39-musllinux_1_1_i686.whl", hash = "sha256:d9ba0299f624e7c8ea1eec926fc77741f82ffc5b3c3ba4f89303d33d5605f4d8"},
    {file = "bitstruct-8.19.0-cp39-cp39-musllinux_1_1_x86_64.whl", hash = "sha256:bfa0326057c9b02c4e65e74e45b9914a7f8c59590a8e718e20a899a02b41f2e6"},
    {file = "bitstruct-8.19.0-cp39-cp39-win32.whl", hash = "sha256:14c3ebdec92c486142327d934cb451d96b411543ec6f72aeb2b4b4334e9408bf"},
    {file = "bitstruct-8.19.0-cp39-cp39-win_amd64.whl", hash = "sha256:7836852d5c15444e87a2029f922b48717e6e199d2332d55e8738e92d8590987e"},
    {file = "bitstruct-8.19.0.tar.gz", hash = "sha256:d75ba9dded85c17e885a209a00eb8e248ee40762149f2f2a79360ca857467dac"},
]

[[package]]
name = "grpcio"
version = "1.69.0"
description = "HTTP/2-based RPC framework"
optional = false
python-versions = ">=3.8"
groups = ["main"]
files = [
    {file = "grpcio-1.69.0-cp310-cp310-linux_armv7l.whl", hash = "sha256:2060ca95a8db295ae828d0fc1c7f38fb26ccd5edf9aa51a0f44251f5da332e97"},
    {file = "grpcio-1.69.0-cp310-cp310-macosx_12_0_universal2.whl", hash = "sha256:2e52e107261fd8fa8fa457fe44bfadb904ae869d87c1280bf60f93ecd3e79278"},
    {file = "grpcio-1.69.0-cp310-cp310-manylinux_2_17_aarch64.whl", hash = "sha256:316463c0832d5fcdb5e35ff2826d9aa3f26758d29cdfb59a368c1d6c39615a11"},
    {file = "grpcio-1.69.0-cp310-cp310-manylinux_2_17_i686.manylinux2014_i686.whl", hash = "sha256:26c9a9c4ac917efab4704b18eed9082ed3b6ad19595f047e8173b5182fec0d5e"},
    {file = "grpcio-1.69.0-cp310-cp310-manylinux_2_17_x86_64.manylinux2014_x86_64.whl", hash = "sha256:90b3646ced2eae3a0599658eeccc5ba7f303bf51b82514c50715bdd2b109e5ec"},
    {file = "grpcio-1.69.0-cp310-cp310-musllinux_1_1_i686.whl", hash = "sha256:3b75aea7c6cb91b341c85e7c1d9db1e09e1dd630b0717f836be94971e015031e"},
    {file = "grpcio-1.69.0-cp310-cp310-musllinux_1_1_x86_64.whl", hash = "sha256:5cfd14175f9db33d4b74d63de87c64bb0ee29ce475ce3c00c01ad2a3dc2a9e51"},
    {file = "grpcio-1.69.0-cp310-cp310-win32.whl", hash = "sha256:9031069d36cb949205293cf0e243abd5e64d6c93e01b078c37921493a41b72dc"},
    {file = "grpcio-1.69.0-cp310-cp310-win_amd64.whl", hash = "sha256:cc89b6c29f3dccbe12d7a3b3f1b3999db4882ae076c1c1f6df231d55dbd767a5"},
    {file = "grpcio-1.69.0-cp311-cp311-linux_armv7l.whl", hash = "sha256:8de1b192c29b8ce45ee26a700044717bcbbd21c697fa1124d440548964328561"},
    {file = "grpcio-1.69.0-cp311-cp311-macosx_10_14_universal2.whl", hash = "sha256:7e76accf38808f5c5c752b0ab3fd919eb14ff8fafb8db520ad1cc12afff74de6"},
    {file = "grpcio-1.69.0-cp311-cp311-manylinux_2_17_aarch64.whl", hash = "sha256:d5658c3c2660417d82db51e168b277e0ff036d0b0f859fa7576c0ffd2aec1442"},
    {file = "grpcio-1.69.0-cp311-cp311-manylinux_2_17_i686.manylinux2014_i686.whl", hash = "sha256:5494d0e52bf77a2f7eb17c6da662886ca0a731e56c1c85b93505bece8dc6cf4c"},
    {file = "grpcio-1.69.0-cp311-cp311-manylinux_2_17_x86_64.manylinux2014_x86_64.whl", hash = "sha256:4ed866f9edb574fd9be71bf64c954ce1b88fc93b2a4cbf94af221e9426eb14d6"},
    {file = "grpcio-1.69.0-cp311-cp311-musllinux_1_1_i686.whl", hash = "sha256:c5ba38aeac7a2fe353615c6b4213d1fbb3a3c34f86b4aaa8be08baaaee8cc56d"},
    {file = "grpcio-1.69.0-cp311-cp311-musllinux_1_1_x86_64.whl", hash = "sha256:f79e05f5bbf551c4057c227d1b041ace0e78462ac8128e2ad39ec58a382536d2"},
    {file = "grpcio-1.69.0-cp311-cp311-win32.whl", hash = "sha256:bf1f8be0da3fcdb2c1e9f374f3c2d043d606d69f425cd685110dd6d0d2d61258"},
    {file = "grpcio-1.69.0-cp311-cp311-win_amd64.whl", hash = "sha256:fb9302afc3a0e4ba0b225cd651ef8e478bf0070cf11a529175caecd5ea2474e7"},
    {file = "grpcio-1.69.0-cp312-cp312-linux_armv7l.whl", hash = "sha256:fc18a4de8c33491ad6f70022af5c460b39611e39578a4d84de0fe92f12d5d47b"},
    {file = "grpcio-1.69.0-cp312-cp312-macosx_10_14_universal2.whl", hash = "sha256:0f0270bd9ffbff6961fe1da487bdcd594407ad390cc7960e738725d4807b18c4"},
    {file = "grpcio-1.69.0-cp312-cp312-manylinux_2_17_aarch64.whl", hash = "sha256:dc48f99cc05e0698e689b51a05933253c69a8c8559a47f605cff83801b03af0e"},
    {file = "grpcio-1.69.0-cp312-cp312-manylinux_2_17_i686.manylinux2014_i686.whl", hash = "sha256:1e925954b18d41aeb5ae250262116d0970893b38232689c4240024e4333ac084"},
    {file = "grpcio-1.69.0-cp312-cp312-manylinux_2_17_x86_64.manylinux2014_x86_64.whl", hash = "sha256:87d222569273720366f68a99cb62e6194681eb763ee1d3b1005840678d4884f9"},
    {file = "grpcio-1.69.0-cp312-cp312-musllinux_1_1_i686.whl", hash = "sha256:b62b0f41e6e01a3e5082000b612064c87c93a49b05f7602fe1b7aa9fd5171a1d"},
    {file = "grpcio-1.69.0-cp312-cp312-musllinux_1_1_x86_64.whl", hash = "sha256:db6f9fd2578dbe37db4b2994c94a1d9c93552ed77dca80e1657bb8a05b898b55"},
    {file = "grpcio-1.69.0-cp312-cp312-win32.whl", hash = "sha256:b192b81076073ed46f4b4dd612b8897d9a1e39d4eabd822e5da7b38497ed77e1"},
    {file = "grpcio-1.69.0-cp312-cp312-win_amd64.whl", hash = "sha256:1227ff7836f7b3a4ab04e5754f1d001fa52a730685d3dc894ed8bc262cc96c01"},
    {file = "grpcio-1.69.0-cp313-cp313-linux_armv7l.whl", hash = "sha256:a78a06911d4081a24a1761d16215a08e9b6d4d29cdbb7e427e6c7e17b06bcc5d"},
    {file = "grpcio-1.69.0-cp313-cp313-macosx_10_14_universal2.whl", hash = "sha256:dc5a351927d605b2721cbb46158e431dd49ce66ffbacb03e709dc07a491dde35"},
    {file = "grpcio-1.69.0-cp313-cp313-manylinux_2_17_aarch64.whl", hash = "sha256:3629d8a8185f5139869a6a17865d03113a260e311e78fbe313f1a71603617589"},
    {file = "grpcio-1.69.0-cp313-cp313-manylinux_2_17_i686.manylinux2014_i686.whl", hash = "sha256:c9a281878feeb9ae26db0622a19add03922a028d4db684658f16d546601a4870"},
    {file = "grpcio-1.69.0-cp313-cp313-manylinux_2_17_x86_64.manylinux2014_x86_64.whl", hash = "sha256:8cc614e895177ab7e4b70f154d1a7c97e152577ea101d76026d132b7aaba003b"},
    {file = "grpcio-1.69.0-cp313-cp313-musllinux_1_1_i686.whl", hash = "sha256:1ee76cd7e2e49cf9264f6812d8c9ac1b85dda0eaea063af07292400f9191750e"},
    {file = "grpcio-1.69.0-cp313-cp313-musllinux_1_1_x86_64.whl", hash = "sha256:0470fa911c503af59ec8bc4c82b371ee4303ececbbdc055f55ce48e38b20fd67"},
    {file = "grpcio-1.69.0-cp313-cp313-win32.whl", hash = "sha256:b650f34aceac8b2d08a4c8d7dc3e8a593f4d9e26d86751ebf74ebf5107d927de"},
    {file = "grpcio-1.69.0-cp313-cp313-win_amd64.whl", hash = "sha256:028337786f11fecb5d7b7fa660475a06aabf7e5e52b5ac2df47414878c0ce7ea"},
    {file = "grpcio-1.69.0-cp38-cp38-linux_armv7l.whl", hash = "sha256:b7f693db593d6bf285e015d5538bf1c86cf9c60ed30b6f7da04a00ed052fe2f3"},
    {file = "grpcio-1.69.0-cp38-cp38-macosx_10_14_universal2.whl", hash = "sha256:8b94e83f66dbf6fd642415faca0608590bc5e8d30e2c012b31d7d1b91b1de2fd"},
    {file = "grpcio-1.69.0-cp38-cp38-manylinux_2_17_aarch64.whl", hash = "sha256:b634851b92c090763dde61df0868c730376cdb73a91bcc821af56ae043b09596"},
    {file = "grpcio-1.69.0-cp38-cp38-manylinux_2_17_i686.manylinux2014_i686.whl", hash = "sha256:bf5f680d3ed08c15330d7830d06bc65f58ca40c9999309517fd62880d70cb06e"},
    {file = "grpcio-1.69.0-cp38-cp38-manylinux_2_17_x86_64.manylinux2014_x86_64.whl", hash = "sha256:200e48a6e7b00f804cf00a1c26292a5baa96507c7749e70a3ec10ca1a288936e"},
    {file = "grpcio-1.69.0-cp38-cp38-musllinux_1_1_i686.whl", hash = "sha256:45a4704339b6e5b24b0e136dea9ad3815a94f30eb4f1e1d44c4ac484ef11d8dd"},
    {file = "grpcio-1.69.0-cp38-cp38-musllinux_1_1_x86_64.whl", hash = "sha256:85d347cb8237751b23539981dbd2d9d8f6e9ff90082b427b13022b948eb6347a"},
    {file = "grpcio-1.69.0-cp38-cp38-win32.whl", hash = "sha256:60e5de105dc02832dc8f120056306d0ef80932bcf1c0e2b4ca3b676de6dc6505"},
    {file = "grpcio-1.69.0-cp38-cp38-win_amd64.whl", hash = "sha256:282f47d0928e40f25d007f24eb8fa051cb22551e3c74b8248bc9f9bea9c35fe0"},
    {file = "grpcio-1.69.0-cp39-cp39-linux_armv7l.whl", hash = "sha256:dd034d68a2905464c49479b0c209c773737a4245d616234c79c975c7c90eca03"},
    {file = "grpcio-1.69.0-cp39-cp39-macosx_10_14_universal2.whl", hash = "sha256:01f834732c22a130bdf3dc154d1053bdbc887eb3ccb7f3e6285cfbfc33d9d5cc"},
    {file = "grpcio-1.69.0-cp39-cp39-manylinux_2_17_aarch64.whl", hash = "sha256:a7f4ed0dcf202a70fe661329f8874bc3775c14bb3911d020d07c82c766ce0eb1"},
    {file = "grpcio-1.69.0-cp39-cp39-manylinux_2_17_i686.manylinux2014_i686.whl", hash = "sha256:cd7ea241b10bc5f0bb0f82c0d7896822b7ed122b3ab35c9851b440c1ccf81588"},
    {file = "grpcio-1.69.0-cp39-cp39-manylinux_2_17_x86_64.manylinux2014_x86_64.whl", hash = "sha256:1f03dc9b4da4c0dc8a1db7a5420f575251d7319b7a839004d8916257ddbe4816"},
    {file = "grpcio-1.69.0-cp39-cp39-musllinux_1_1_i686.whl", hash = "sha256:ca71d73a270dff052fe4edf74fef142d6ddd1f84175d9ac4a14b7280572ac519"},
    {file = "grpcio-1.69.0-cp39-cp39-musllinux_1_1_x86_64.whl", hash = "sha256:5ccbed100dc43704e94ccff9e07680b540d64e4cc89213ab2832b51b4f68a520"},
    {file = "grpcio-1.69.0-cp39-cp39-win32.whl", hash = "sha256:1514341def9c6ec4b7f0b9628be95f620f9d4b99331b7ef0a1845fd33d9b579c"},
    {file = "grpcio-1.69.0-cp39-cp39-win_amd64.whl", hash = "sha256:c1fea55d26d647346acb0069b08dca70984101f2dc95066e003019207212e303"},
    {file = "grpcio-1.69.0.tar.gz", hash = "sha256:936fa44241b5379c5afc344e1260d467bee495747eaf478de825bab2791da6f5"},
]

[package.extras]
protobuf = ["grpcio-tools (>=1.69.0)"]

[[package]]
name = "grpcio-reflection"
version = "1.69.0"
description = "Standard Protobuf Reflection Service for gRPC"
optional = false
python-versions = ">=3.8"
groups = ["main"]
files = [
    {file = "grpcio_reflection-1.69.0-py3-none-any.whl", hash = "sha256:6dc356cc24a324295550991b19cef1804c8d1fd9d85ea313809af4b03459d5b2"},
    {file = "grpcio_reflection-1.69.0.tar.gz", hash = "sha256:3474aaedfb10d8da5503135a2fb9fbb4e1f72044ad7ee2d0bf22090934e80908"},
]

[package.dependencies]
grpcio = ">=1.69.0"
protobuf = ">=5.26.1,<6.0dev"

[[package]]
name = "grpcio-tools"
version = "1.69.0"
description = "Protobuf code generator for gRPC"
optional = false
python-versions = ">=3.8"
groups = ["main"]
files = [
    {file = "grpcio_tools-1.69.0-cp310-cp310-linux_armv7l.whl", hash = "sha256:8c210630faa581c3bd08953dac4ad21a7f49862f3b92d69686e9b436d2f1265d"},
    {file = "grpcio_tools-1.69.0-cp310-cp310-macosx_12_0_universal2.whl", hash = "sha256:09b66ea279fcdaebae4ec34b1baf7577af3b14322738aa980c1c33cfea71f7d7"},
    {file = "grpcio_tools-1.69.0-cp310-cp310-manylinux_2_17_aarch64.whl", hash = "sha256:be94a4bfa56d356aae242cc54072c9ccc2704b659eaae2fd599a94afebf791ce"},
    {file = "grpcio_tools-1.69.0-cp310-cp310-manylinux_2_17_i686.manylinux2014_i686.whl", hash = "sha256:28778debad73a8c8e0a0e07e6a2f76eecce43adbc205d17dd244d2d58bb0f0aa"},
    {file = "grpcio_tools-1.69.0-cp310-cp310-manylinux_2_17_x86_64.manylinux2014_x86_64.whl", hash = "sha256:449308d93e4c97ae3a4503510c6d64978748ff5e21429c85da14fdc783c0f498"},
    {file = "grpcio_tools-1.69.0-cp310-cp310-musllinux_1_1_i686.whl", hash = "sha256:b9343651e73bc6e0df6bb518c2638bf9cc2194b50d060cdbcf1b2121cd4e4ae3"},
    {file = "grpcio_tools-1.69.0-cp310-cp310-musllinux_1_1_x86_64.whl", hash = "sha256:2f08b063612553e726e328aef3a27adfaea8d92712b229012afc54d59da88a02"},
    {file = "grpcio_tools-1.69.0-cp310-cp310-win32.whl", hash = "sha256:599ffd39525e7bbb6412a63e56a2e6c1af8f3493fe4305260efd4a11d064cce0"},
    {file = "grpcio_tools-1.69.0-cp310-cp310-win_amd64.whl", hash = "sha256:02f92e3c2bae67ece818787f8d3d89df0fa1e5e6bbb7c1493824fd5dfad886dd"},
    {file = "grpcio_tools-1.69.0-cp311-cp311-linux_armv7l.whl", hash = "sha256:c18df5d1c8e163a29863583ec51237d08d7059ef8d4f7661ee6d6363d3e38fe3"},
    {file = "grpcio_tools-1.69.0-cp311-cp311-macosx_10_14_universal2.whl", hash = "sha256:37876ae49235ef2e61e5059faf45dc5e7142ca54ae61aec378bb9483e0cd7e95"},
    {file = "grpcio_tools-1.69.0-cp311-cp311-manylinux_2_17_aarch64.whl", hash = "sha256:33120920e29959eaa37a1268c6a22af243d086b1a5e5222b4203e29560ece9ce"},
    {file = "grpcio_tools-1.69.0-cp311-cp311-manylinux_2_17_i686.manylinux2014_i686.whl", hash = "sha256:788bb3ecd1b44664d829d319b3c1ebc15c7d7b5e7d1f22706ab57d6acd2c6301"},
    {file = "grpcio_tools-1.69.0-cp311-cp311-manylinux_2_17_x86_64.manylinux2014_x86_64.whl", hash = "sha256:f453b11a112e3774c8957ec2570669f3da1f7fbc8ee242482c38981496e88da2"},
    {file = "grpcio_tools-1.69.0-cp311-cp311-musllinux_1_1_i686.whl", hash = "sha256:7e5c5dc2b656755cb58b11a7e87b65258a4a8eaff01b6c30ffcb230dd447c03d"},
    {file = "grpcio_tools-1.69.0-cp311-cp311-musllinux_1_1_x86_64.whl", hash = "sha256:8eabf0a7a98c14322bc74f9910c96f98feebe311e085624b2d022924d4f652ca"},
    {file = "grpcio_tools-1.69.0-cp311-cp311-win32.whl", hash = "sha256:ad567bea43d018c2215e1db10316eda94ca19229a834a3221c15d132d24c1b8a"},
    {file = "grpcio_tools-1.69.0-cp311-cp311-win_amd64.whl", hash = "sha256:3d64e801586dbea3530f245d48b9ed031738cc3eb099d5ce2fdb1b3dc2e1fb20"},
    {file = "grpcio_tools-1.69.0-cp312-cp312-linux_armv7l.whl", hash = "sha256:8ef8efe8beac4cc1e30d41893e4096ca2601da61001897bd17441645de2d4d3c"},
    {file = "grpcio_tools-1.69.0-cp312-cp312-macosx_10_14_universal2.whl", hash = "sha256:a00e87a0c5a294028115a098819899b08dd18449df5b2aac4a2b87ba865e8681"},
    {file = "grpcio_tools-1.69.0-cp312-cp312-manylinux_2_17_aarch64.whl", hash = "sha256:7722700346d5b223159532e046e51f2ff743ed4342e5fe3e0457120a4199015e"},
    {file = "grpcio_tools-1.69.0-cp312-cp312-manylinux_2_17_i686.manylinux2014_i686.whl", hash = "sha256:a934116fdf202cb675246056ee54645c743e2240632f86a37e52f91a405c7143"},
    {file = "grpcio_tools-1.69.0-cp312-cp312-manylinux_2_17_x86_64.manylinux2014_x86_64.whl", hash = "sha256:7e6a6d44359ca836acfbc58103daf94b3bb8ac919d659bb348dcd7fbecedc293"},
    {file = "grpcio_tools-1.69.0-cp312-cp312-musllinux_1_1_i686.whl", hash = "sha256:e27662c0597fd1ab5399a583d358b5203edcb6fc2b29d6245099dfacd51a6ddc"},
    {file = "grpcio_tools-1.69.0-cp312-cp312-musllinux_1_1_x86_64.whl", hash = "sha256:7bbb2b2fb81d95bcdd1d8331defb5f5dc256dbe423bb98b682cf129cdd432366"},
    {file = "grpcio_tools-1.69.0-cp312-cp312-win32.whl", hash = "sha256:e11accd10cf4af5031ac86c45f1a13fb08f55e005cea070917c12e78fe6d2aa2"},
    {file = "grpcio_tools-1.69.0-cp312-cp312-win_amd64.whl", hash = "sha256:6df4c6ac109af338a8ccde29d184e0b0bdab13d78490cb360ff9b192a1aec7e2"},
    {file = "grpcio_tools-1.69.0-cp313-cp313-linux_armv7l.whl", hash = "sha256:8c320c4faa1431f2e1252ef2325a970ac23b2fd04ffef6c12f96dd4552c3445c"},
    {file = "grpcio_tools-1.69.0-cp313-cp313-macosx_10_14_universal2.whl", hash = "sha256:5f1224596ad74dd14444b20c37122b361c5d203b67e14e018b995f3c5d76eede"},
    {file = "grpcio_tools-1.69.0-cp313-cp313-manylinux_2_17_aarch64.whl", hash = "sha256:965a0cf656a113bc32d15ac92ca51ed702a75d5370ae0afbdd36f818533a708a"},
    {file = "grpcio_tools-1.69.0-cp313-cp313-manylinux_2_17_i686.manylinux2014_i686.whl", hash = "sha256:978835768c11a7f28778b3b7c40f839d8a57f765c315e80c4246c23900d56149"},
    {file = "grpcio_tools-1.69.0-cp313-cp313-manylinux_2_17_x86_64.manylinux2014_x86_64.whl", hash = "sha256:094c7cec9bd271a32dfb7c620d4a558c63fcb0122fd1651b9ed73d6afd4ae6fe"},
    {file = "grpcio_tools-1.69.0-cp313-cp313-musllinux_1_1_i686.whl", hash = "sha256:b51bf4981b3d7e47c2569efadff08284787124eb3dea0f63f491d39703231d3c"},
    {file = "grpcio_tools-1.69.0-cp313-cp313-musllinux_1_1_x86_64.whl", hash = "sha256:ea7aaf0dc1a828e2133357a9e9553fd1bb4e766890d52a506cc132e40632acdc"},
    {file = "grpcio_tools-1.69.0-cp313-cp313-win32.whl", hash = "sha256:4320f11b79d3a148cc23bad1b81719ce1197808dc2406caa8a8ba0a5cfb0260d"},
    {file = "grpcio_tools-1.69.0-cp313-cp313-win_amd64.whl", hash = "sha256:e9bae733654e0eb8ca83aa1d0d6b6c2f4a3525ce70d5ffc07df68d28f6520137"},
    {file = "grpcio_tools-1.69.0-cp38-cp38-linux_armv7l.whl", hash = "sha256:c78d3a7d9ba4292ba7abcc43430df426fc805e79a1dcd147509af0668332885b"},
    {file = "grpcio_tools-1.69.0-cp38-cp38-macosx_10_14_universal2.whl", hash = "sha256:497bdaa996a4de70f643c008a08813b4d20e114de50a384ae5e29d849c24c9c8"},
    {file = "grpcio_tools-1.69.0-cp38-cp38-manylinux_2_17_aarch64.whl", hash = "sha256:aea33dd5a07a3b250b02a1b3f435e86d4abc94936b3ce634a2d70bc224189495"},
    {file = "grpcio_tools-1.69.0-cp38-cp38-manylinux_2_17_i686.manylinux2014_i686.whl", hash = "sha256:0d3101c8d6f890f9d978e400843cc29992c5e03ae74f359e73dade09f2469a08"},
    {file = "grpcio_tools-1.69.0-cp38-cp38-manylinux_2_17_x86_64.manylinux2014_x86_64.whl", hash = "sha256:1163ba3f829141206dce1ceb67cfca73b57d279cd7183f188276443700a4980e"},
    {file = "grpcio_tools-1.69.0-cp38-cp38-musllinux_1_1_i686.whl", hash = "sha256:a85785058c31bac3d0b26c158b576eed536e4ce1af72c1d05a3518e745d44aac"},
    {file = "grpcio_tools-1.69.0-cp38-cp38-musllinux_1_1_x86_64.whl", hash = "sha256:4ee934bbe8aa8035eea2711c12a6e537ab4c4a35a6d742ccf34bfa3a0492f412"},
    {file = "grpcio_tools-1.69.0-cp38-cp38-win32.whl", hash = "sha256:808d1b963bda8ca3c9f55cb8aa051ed2f2c98cc1fb89f79b4f67e8218580f8f3"},
    {file = "grpcio_tools-1.69.0-cp38-cp38-win_amd64.whl", hash = "sha256:afa8cd6b93e4f607c3750a976a96f874830ec7dc5f408e0fac270d0464147024"},
    {file = "grpcio_tools-1.69.0-cp39-cp39-linux_armv7l.whl", hash = "sha256:01121b6570932bfb7d8b2ce2c0055dba902a415477079e249d85fe4494f72db2"},
    {file = "grpcio_tools-1.69.0-cp39-cp39-macosx_10_14_universal2.whl", hash = "sha256:9861e282aa7b3656c67e84d0c25ee0e9210b955e0ec2c64699b8f80483f90853"},
    {file = "grpcio_tools-1.69.0-cp39-cp39-manylinux_2_17_aarch64.whl", hash = "sha256:00adf628259e8c314a02ca1580d6a8b14eeef266f5dd5e15bf92c1efbbcf63c0"},
    {file = "grpcio_tools-1.69.0-cp39-cp39-manylinux_2_17_i686.manylinux2014_i686.whl", hash = "sha256:371d03ac31b76ba77d44bdba6a8560f344c6d1ed558babab64760da085e392b7"},
    {file = "grpcio_tools-1.69.0-cp39-cp39-manylinux_2_17_x86_64.manylinux2014_x86_64.whl", hash = "sha256:b6730414c01fe9027ba12538fd6e192e1bea94d5b819a1e03d15e89aab1b4573"},
    {file = "grpcio_tools-1.69.0-cp39-cp39-musllinux_1_1_i686.whl", hash = "sha256:5562a1b1b67deffd04fbb1bcf8f1634580538ce35895b77cdfaec1fb115efd95"},
    {file = "grpcio_tools-1.69.0-cp39-cp39-musllinux_1_1_x86_64.whl", hash = "sha256:9f8996efddc867134f22bbf8a368b1b2a018d0a9b0ac9d3185cfd81d1abd8066"},
    {file = "grpcio_tools-1.69.0-cp39-cp39-win32.whl", hash = "sha256:8f5959d8a453d613e7137831f6885b43b5c378ec317943b4ec599046baa97bfc"},
    {file = "grpcio_tools-1.69.0-cp39-cp39-win_amd64.whl", hash = "sha256:5d47abf7e0662dd5dbb9cc252c3616e5fbc5f71d34e3f6332cd24bcdf2940abd"},
    {file = "grpcio_tools-1.69.0.tar.gz", hash = "sha256:3e1a98f4d9decb84979e1ddd3deb09c0a33a84b6e3c0776d5bde4097e3ab66dd"},
]

[package.dependencies]
grpcio = ">=1.69.0"
protobuf = ">=5.26.1,<6.0dev"
setuptools = "*"

[[package]]
name = "protobuf"
version = "5.29.3"
description = ""
optional = false
python-versions = ">=3.8"
groups = ["main"]
files = [
    {file = "protobuf-5.29.3-cp310-abi3-win32.whl", hash = "sha256:3ea51771449e1035f26069c4c7fd51fba990d07bc55ba80701c78f886bf9c888"},
    {file = "protobuf-5.29.3-cp310-abi3-win_amd64.whl", hash = "sha256:a4fa6f80816a9a0678429e84973f2f98cbc218cca434abe8db2ad0bffc98503a"},
    {file = "protobuf-5.29.3-cp38-abi3-macosx_10_9_universal2.whl", hash = "sha256:a8434404bbf139aa9e1300dbf989667a83d42ddda9153d8ab76e0d5dcaca484e"},
    {file = "protobuf-5.29.3-cp38-abi3-manylinux2014_aarch64.whl", hash = "sha256:daaf63f70f25e8689c072cfad4334ca0ac1d1e05a92fc15c54eb9cf23c3efd84"},
    {file = "protobuf-5.29.3-cp38-abi3-manylinux2014_x86_64.whl", hash = "sha256:c027e08a08be10b67c06bf2370b99c811c466398c357e615ca88c91c07f0910f"},
    {file = "protobuf-5.29.3-cp38-cp38-win32.whl", hash = "sha256:84a57163a0ccef3f96e4b6a20516cedcf5bb3a95a657131c5c3ac62200d23252"},
    {file = "protobuf-5.29.3-cp38-cp38-win_amd64.whl", hash = "sha256:b89c115d877892a512f79a8114564fb435943b59067615894c3b13cd3e1fa107"},
    {file = "protobuf-5.29.3-cp39-cp39-win32.whl", hash = "sha256:0eb32bfa5219fc8d4111803e9a690658aa2e6366384fd0851064b963b6d1f2a7"},
    {file = "protobuf-5.29.3-cp39-cp39-win_amd64.whl", hash = "sha256:6ce8cc3389a20693bfde6c6562e03474c40851b44975c9b2bf6df7d8c4f864da"},
    {file = "protobuf-5.29.3-py3-none-any.whl", hash = "sha256:0a18ed4a24198528f2333802eb075e59dea9d679ab7a6c5efb017a59004d849f"},
    {file = "protobuf-5.29.3.tar.gz", hash = "sha256:5da0f41edaf117bde316404bad1a486cb4ededf8e4a54891296f648e8e076620"},
]

[[package]]
name = "pyparsing"
version = "3.2.1"
description = "pyparsing module - Classes and methods to define and execute parsing grammars"
optional = false
python-versions = ">=3.9"
groups = ["main"]
files = [
    {file = "pyparsing-3.2.1-py3-none-any.whl", hash = "sha256:506ff4f4386c4cec0590ec19e6302d3aedb992fdc02c761e90416f158dacf8e1"},
    {file = "pyparsing-3.2.1.tar.gz", hash = "sha256:61980854fd66de3a90028d679a954d5f2623e83144b5afe5ee86f43d762e5f0a"},
]

[package.extras]
diagrams = ["jinja2", "railroad-diagrams"]

[[package]]
name = "setuptools"
version = "75.8.0"
description = "Easily download, build, install, upgrade, and uninstall Python packages"
optional = false
python-versions = ">=3.9"
groups = ["main"]
files = [
    {file = "setuptools-75.8.0-py3-none-any.whl", hash = "sha256:e3982f444617239225d675215d51f6ba05f845d4eec313da4418fdbb56fb27e3"},
    {file = "setuptools-75.8.0.tar.gz", hash = "sha256:c5afc8f407c626b8313a86e10311dd3f661c6cd9c09d4bf8c15c0e11f9f2b0e6"},
]

[package.extras]
check = ["pytest-checkdocs (>=2.4)", "pytest-ruff (>=0.2.1)", "ruff (>=0.8.0)"]
core = ["importlib_metadata (>=6)", "jaraco.collections", "jaraco.functools (>=4)", "jaraco.text (>=3.7)", "more_itertools", "more_itertools (>=8.8)", "packaging", "packaging (>=24.2)", "platformdirs (>=4.2.2)", "tomli (>=2.0.1)", "wheel (>=0.43.0)"]
cover = ["pytest-cov"]
doc = ["furo", "jaraco.packaging (>=9.3)", "jaraco.tidelift (>=1.4)", "pygments-github-lexers (==0.0.5)", "pyproject-hooks (!=1.1)", "rst.linker (>=1.9)", "sphinx (>=3.5)", "sphinx-favicon", "sphinx-inline-tabs", "sphinx-lint", "sphinx-notfound-page (>=1,<2)", "sphinx-reredirects", "sphinxcontrib-towncrier", "towncrier (<24.7)"]
enabler = ["pytest-enabler (>=2.2)"]
test = ["build[virtualenv] (>=1.0.3)", "filelock (>=3.4.0)", "ini2toml[lite] (>=0.14)", "jaraco.develop (>=7.21)", "jaraco.envs (>=2.2)", "jaraco.path (>=3.7.2)", "jaraco.test (>=5.5)", "packaging (>=24.2)", "pip (>=19.1)", "pyproject-hooks (!=1.1)", "pytest (>=6,!=8.1.*)", "pytest-home (>=0.5)", "pytest-perf", "pytest-subprocess", "pytest-timeout", "pytest-xdist (>=3)", "tomli-w (>=1.0.0)", "virtualenv (>=13.0.0)", "wheel (>=0.44.0)"]
type = ["importlib_metadata (>=7.0.2)", "jaraco.develop (>=7.21)", "mypy (==1.14.*)", "pytest-mypy"]

[[package]]
name = "structlog"
version = "24.4.0"
description = "Structured Logging for Python"
optional = false
python-versions = ">=3.8"
groups = ["main"]
files = [
    {file = "structlog-24.4.0-py3-none-any.whl", hash = "sha256:597f61e80a91cc0749a9fd2a098ed76715a1c8a01f73e336b746504d1aad7610"},
    {file = "structlog-24.4.0.tar.gz", hash = "sha256:b27bfecede327a6d2da5fbc96bd859f114ecc398a6389d664f62085ee7ae6fc4"},
]

[package.extras]
dev = ["freezegun (>=0.2.8)", "mypy (>=1.4)", "pretend", "pytest (>=6.0)", "pytest-asyncio (>=0.17)", "rich", "simplejson", "twisted"]
docs = ["cogapp", "furo", "myst-parser", "sphinx", "sphinx-notfound-page", "sphinxcontrib-mermaid", "sphinxext-opengraph", "twisted"]
tests = ["freezegun (>=0.2.8)", "pretend", "pytest (>=6.0)", "pytest-asyncio (>=0.17)", "simplejson"]
typing = ["mypy (>=1.4)", "rich", "twisted"]

[metadata]
lock-version = "2.1"
python-versions = ">=3.11"
content-hash = "f433e95e7cd8ac27229158a707010144b028fe77eac0fe7e055bf82423673ff0"
